
Microsoft Visual Studio Solution File, Format Version 12.00
# Visual Studio 15
VisualStudioVersion = 15.0.27130.2010
MinimumVisualStudioVersion = 10.0.40219.1
Project("{E24C65DC-7377-472B-9ABA-BC803B73C61A}") = "Lab1", "Lab1\", "{C5CBF81F-5DCE-417B-A66E-78BAD8C197BE}"
	ProjectSection(WebsiteProperties) = preProject
		TargetFrameworkMoniker = ".NETFramework,Version%3Dv4.6.1"
		Debug.AspNetCompiler.VirtualPath = "/localhost_49330"
		Debug.AspNetCompiler.PhysicalPath = "Lab1\"
		Debug.AspNetCompiler.TargetPath = "PrecompiledWeb\localhost_49330\"
		Debug.AspNetCompiler.Updateable = "true"
		Debug.AspNetCompiler.ForceOverwrite = "true"
		Debug.AspNetCompiler.FixedNames = "false"
		Debug.AspNetCompiler.Debug = "True"
		Release.AspNetCompiler.VirtualPath = "/localhost_49330"
		Release.AspNetCompiler.PhysicalPath = "Lab1\"
		Release.AspNetCompiler.TargetPath = "PrecompiledWeb\localhost_49330\"
		Release.AspNetCompiler.Updateable = "true"
		Release.AspNetCompiler.ForceOverwrite = "true"
		Release.AspNetCompiler.FixedNames = "false"
		Release.AspNetCompiler.Debug = "False"
		VWDPort = "49330"
		SlnRelativePath = "Lab1\"
		DefaultWebSiteLanguage = "Visual C#"
	EndProjectSection
EndProject
Global
	GlobalSection(SolutionConfigurationPlatforms) = preSolution
		Debug|Any CPU = Debug|Any CPU
	EndGlobalSection
	GlobalSection(ProjectConfigurationPlatforms) = postSolution
		{C5CBF81F-5DCE-417B-A66E-78BAD8C197BE}.Debug|Any CPU.ActiveCfg = Debug|Any CPU
		{C5CBF81F-5DCE-417B-A66E-78BAD8C197BE}.Debug|Any CPU.Build.0 = Debug|Any CPU
	EndGlobalSection
	GlobalSection(SolutionProperties) = preSolution
		HideSolutionNode = FALSE
	EndGlobalSection
	GlobalSection(ExtensibilityGlobals) = postSolution
		SolutionGuid = {8BC564B1-156F-4E69-BD15-266F54543028}
	EndGlobalSection
EndGlobal
